# @generated by Move, please check-in and do not edit manually.

[move]
version = 3
manifest_digest = "EC3854A0B1971D43348D68095A1902317B4DFA19351F5A4DD9AE112B98210C40"
deps_digest = "F8BBB0CCB2491CA29A3DF03D6F92277A4F3574266507ACD77214D37ECA3F3082"
dependencies = [
  { id = "Sui", name = "Sui" },
]

[[move.package]]
id = "MoveStdlib"
source = { git = "https://github.com/MystenLabs/sui.git", rev = "framework/mainnet", subdir = "crates/sui-framework/packages/move-stdlib" }

[[move.package]]
id = "Sui"
source = { git = "https://github.com/MystenLabs/sui.git", rev = "framework/mainnet", subdir = "crates/sui-framework/packages/sui-framework" }

dependencies = [
  { id = "MoveStdlib", name = "MoveStdlib" },
]

[move.toolchain-version]
compiler-version = "1.60.0"
edition = "2024"
flavor = "sui"

[env]

[env.testnet]
chain-id = "4c78adac"
original-published-id = "0x7311440945e06d4c28695bea1a70929fd48515d79a7effc8669706b9cb6ea163"
latest-published-id = "0x7311440945e06d4c28695bea1a70929fd48515d79a7effc8669706b9cb6ea163"
published-version = "1"
